// !$*UTF8*$!
{
	archiveVersion = 1;
	classes = {
	};
	objectVersion = 46;
	objects = {

/* Begin PBXBuildFile section */
		9415734C1E7BB4FD005FCBFE /* AppDelegate.swift in Sources */ = {isa = PBXBuildFile; fileRef = 9415734B1E7BB4FD005FCBFE /* AppDelegate.swift */; };
		9415734E1E7BB4FD005FCBFE /* ViewController.swift in Sources */ = {isa = PBXBuildFile; fileRef = 9415734D1E7BB4FD005FCBFE /* ViewController.swift */; };
		941573511E7BB4FD005FCBFE /* Main.storyboard in Resources */ = {isa = PBXBuildFile; fileRef = 9415734F1E7BB4FD005FCBFE /* Main.storyboard */; };
		941573561E7BB4FD005FCBFE /* LaunchScreen.storyboard in Resources */ = {isa = PBXBuildFile; fileRef = 941573541E7BB4FD005FCBFE /* LaunchScreen.storyboard */; };
		9415735E1E7BBB52005FCBFE /* HomeModel.swift in Sources */ = {isa = PBXBuildFile; fileRef = 9415735D1E7BBB52005FCBFE /* HomeModel.swift */; };
		941573601E7BBB7E005FCBFE /* OrderModel.swift in Sources */ = {isa = PBXBuildFile; fileRef = 9415735F1E7BBB7E005FCBFE /* OrderModel.swift */; };
		941573661E7D1DED005FCBFE /* OrderController.swift in Sources */ = {isa = PBXBuildFile; fileRef = 941573651E7D1DED005FCBFE /* OrderController.swift */; };
		9470199E1E911D1400D010B3 /* TabBarController.swift in Sources */ = {isa = PBXBuildFile; fileRef = 9470199D1E911D1300D010B3 /* TabBarController.swift */; };
		947019A01E92527500D010B3 /* Assets.xcassets in Resources */ = {isa = PBXBuildFile; fileRef = 9470199F1E92527500D010B3 /* Assets.xcassets */; };
		94804CE61E84F4B50051E95D /* NotificationCenter.framework in Frameworks */ = {isa = PBXBuildFile; fileRef = 94804CE51E84F4B50051E95D /* NotificationCenter.framework */; };
		94804CE91E84F4B50051E95D /* TodayViewController.swift in Sources */ = {isa = PBXBuildFile; fileRef = 94804CE81E84F4B50051E95D /* TodayViewController.swift */; };
		94804CEC1E84F4B50051E95D /* MainInterface.storyboard in Resources */ = {isa = PBXBuildFile; fileRef = 94804CEA1E84F4B50051E95D /* MainInterface.storyboard */; };
		94804CF01E84F4B50051E95D /* TodaysTreasures.appex in Embed App Extensions */ = {isa = PBXBuildFile; fileRef = 94804CE31E84F4B40051E95D /* TodaysTreasures.appex */; settings = {ATTRIBUTES = (RemoveHeadersOnCopy, ); }; };
		94804CF51E84F80F0051E95D /* HomeModel.swift in Sources */ = {isa = PBXBuildFile; fileRef = 9415735D1E7BBB52005FCBFE /* HomeModel.swift */; };
		94804CF61E84F9910051E95D /* OrderModel.swift in Sources */ = {isa = PBXBuildFile; fileRef = 9415735F1E7BBB7E005FCBFE /* OrderModel.swift */; };
		949BED931E910DAC00D2F60C /* ShippingCalculatorController.swift in Sources */ = {isa = PBXBuildFile; fileRef = 949BED921E910DAC00D2F60C /* ShippingCalculatorController.swift */; };
		94B2BAA51E853D3C00842491 /* TodayOrderController.swift in Sources */ = {isa = PBXBuildFile; fileRef = 94B2BAA41E853D3C00842491 /* TodayOrderController.swift */; };
		94CE4AC11E8524D800313BF5 /* ViewController.swift in Sources */ = {isa = PBXBuildFile; fileRef = 9415734D1E7BB4FD005FCBFE /* ViewController.swift */; };
		94CE4AC21E85262300313BF5 /* OrderController.swift in Sources */ = {isa = PBXBuildFile; fileRef = 941573651E7D1DED005FCBFE /* OrderController.swift */; };
/* End PBXBuildFile section */

/* Begin PBXContainerItemProxy section */
		94804CEE1E84F4B50051E95D /* PBXContainerItemProxy */ = {
			isa = PBXContainerItemProxy;
			containerPortal = 941573401E7BB4FD005FCBFE /* Project object */;
			proxyType = 1;
			remoteGlobalIDString = 94804CE21E84F4B40051E95D;
			remoteInfo = TodaysTreasures;
		};
/* End PBXContainerItemProxy section */

/* Begin PBXCopyFilesBuildPhase section */
		94804CF41E84F4B50051E95D /* Embed App Extensions */ = {
			isa = PBXCopyFilesBuildPhase;
			buildActionMask = 2147483647;
			dstPath = "";
			dstSubfolderSpec = 13;
			files = (
				94804CF01E84F4B50051E95D /* TodaysTreasures.appex in Embed App Extensions */,
			);
			name = "Embed App Extensions";
			runOnlyForDeploymentPostprocessing = 0;
		};
/* End PBXCopyFilesBuildPhase section */

/* Begin PBXFileReference section */
		941573481E7BB4FD005FCBFE /* TokyoTreasures.app */ = {isa = PBXFileReference; explicitFileType = wrapper.application; includeInIndex = 0; path = TokyoTreasures.app; sourceTree = BUILT_PRODUCTS_DIR; };
		9415734B1E7BB4FD005FCBFE /* AppDelegate.swift */ = {isa = PBXFileReference; lastKnownFileType = sourcecode.swift; path = AppDelegate.swift; sourceTree = "<group>"; };
		9415734D1E7BB4FD005FCBFE /* ViewController.swift */ = {isa = PBXFileReference; lastKnownFileType = sourcecode.swift; path = ViewController.swift; sourceTree = "<group>"; };
		941573501E7BB4FD005FCBFE /* Base */ = {isa = PBXFileReference; lastKnownFileType = file.storyboard; name = Base; path = Base.lproj/Main.storyboard; sourceTree = "<group>"; };
		941573551E7BB4FD005FCBFE /* Base */ = {isa = PBXFileReference; lastKnownFileType = file.storyboard; name = Base; path = Base.lproj/LaunchScreen.storyboard; sourceTree = "<group>"; };
		941573571E7BB4FD005FCBFE /* Info.plist */ = {isa = PBXFileReference; lastKnownFileType = text.plist.xml; path = Info.plist; sourceTree = "<group>"; };
		9415735D1E7BBB52005FCBFE /* HomeModel.swift */ = {isa = PBXFileReference; fileEncoding = 4; lastKnownFileType = sourcecode.swift; path = HomeModel.swift; sourceTree = "<group>"; };
		9415735F1E7BBB7E005FCBFE /* OrderModel.swift */ = {isa = PBXFileReference; fileEncoding = 4; lastKnownFileType = sourcecode.swift; path = OrderModel.swift; sourceTree = "<group>"; };
		941573651E7D1DED005FCBFE /* OrderController.swift */ = {isa = PBXFileReference; fileEncoding = 4; lastKnownFileType = sourcecode.swift; path = OrderController.swift; sourceTree = "<group>"; };
		9470199D1E911D1300D010B3 /* TabBarController.swift */ = {isa = PBXFileReference; fileEncoding = 4; lastKnownFileType = sourcecode.swift; path = TabBarController.swift; sourceTree = "<group>"; };
		9470199F1E92527500D010B3 /* Assets.xcassets */ = {isa = PBXFileReference; lastKnownFileType = folder.assetcatalog; path = Assets.xcassets; sourceTree = "<group>"; };
		94804CE31E84F4B40051E95D /* TodaysTreasures.appex */ = {isa = PBXFileReference; explicitFileType = "wrapper.app-extension"; includeInIndex = 0; path = TodaysTreasures.appex; sourceTree = BUILT_PRODUCTS_DIR; };
		94804CE51E84F4B50051E95D /* NotificationCenter.framework */ = {isa = PBXFileReference; lastKnownFileType = wrapper.framework; name = NotificationCenter.framework; path = System/Library/Frameworks/NotificationCenter.framework; sourceTree = SDKROOT; };
		94804CE81E84F4B50051E95D /* TodayViewController.swift */ = {isa = PBXFileReference; lastKnownFileType = sourcecode.swift; path = TodayViewController.swift; sourceTree = "<group>"; };
		94804CEB1E84F4B50051E95D /* Base */ = {isa = PBXFileReference; lastKnownFileType = file.storyboard; name = Base; path = Base.lproj/MainInterface.storyboard; sourceTree = "<group>"; };
		94804CED1E84F4B50051E95D /* Info.plist */ = {isa = PBXFileReference; lastKnownFileType = text.plist.xml; path = Info.plist; sourceTree = "<group>"; };
		94804CF71E85106B0051E95D /* TodaysTreasures.entitlements */ = {isa = PBXFileReference; lastKnownFileType = text.plist.entitlements; path = TodaysTreasures.entitlements; sourceTree = "<group>"; };
		94804CF81E8511470051E95D /* TokyoTreasures.entitlements */ = {isa = PBXFileReference; lastKnownFileType = text.plist.entitlements; path = TokyoTreasures.entitlements; sourceTree = "<group>"; };
		949BED921E910DAC00D2F60C /* ShippingCalculatorController.swift */ = {isa = PBXFileReference; fileEncoding = 4; lastKnownFileType = sourcecode.swift; path = ShippingCalculatorController.swift; sourceTree = "<group>"; };
		94B2BAA41E853D3C00842491 /* TodayOrderController.swift */ = {isa = PBXFileReference; fileEncoding = 4; lastKnownFileType = sourcecode.swift; path = TodayOrderController.swift; sourceTree = "<group>"; };
/* End PBXFileReference section */

/* Begin PBXFrameworksBuildPhase section */
		941573451E7BB4FD005FCBFE /* Frameworks */ = {
			isa = PBXFrameworksBuildPhase;
			buildActionMask = 2147483647;
			files = (
			);
			runOnlyForDeploymentPostprocessing = 0;
		};
		94804CE01E84F4B40051E95D /* Frameworks */ = {
			isa = PBXFrameworksBuildPhase;
			buildActionMask = 2147483647;
			files = (
				94804CE61E84F4B50051E95D /* NotificationCenter.framework in Frameworks */,
			);
			runOnlyForDeploymentPostprocessing = 0;
		};
/* End PBXFrameworksBuildPhase section */

/* Begin PBXGroup section */
		9415733F1E7BB4FD005FCBFE = {
			isa = PBXGroup;
			children = (
				9415734A1E7BB4FD005FCBFE /* TokyoTreasures */,
				94804CE71E84F4B50051E95D /* TodaysTreasures */,
				94804CE41E84F4B50051E95D /* Frameworks */,
				941573491E7BB4FD005FCBFE /* Products */,
			);
			sourceTree = "<group>";
		};
		941573491E7BB4FD005FCBFE /* Products */ = {
			isa = PBXGroup;
			children = (
				941573481E7BB4FD005FCBFE /* TokyoTreasures.app */,
				94804CE31E84F4B40051E95D /* TodaysTreasures.appex */,
			);
			name = Products;
			sourceTree = "<group>";
		};
		9415734A1E7BB4FD005FCBFE /* TokyoTreasures */ = {
			isa = PBXGroup;
			children = (
				9470199F1E92527500D010B3 /* Assets.xcassets */,
				94804CF81E8511470051E95D /* TokyoTreasures.entitlements */,
				9415734B1E7BB4FD005FCBFE /* AppDelegate.swift */,
				9415734D1E7BB4FD005FCBFE /* ViewController.swift */,
				9415734F1E7BB4FD005FCBFE /* Main.storyboard */,
				941573541E7BB4FD005FCBFE /* LaunchScreen.storyboard */,
				941573571E7BB4FD005FCBFE /* Info.plist */,
				9415735D1E7BBB52005FCBFE /* HomeModel.swift */,
				9415735F1E7BBB7E005FCBFE /* OrderModel.swift */,
				941573651E7D1DED005FCBFE /* OrderController.swift */,
				949BED921E910DAC00D2F60C /* ShippingCalculatorController.swift */,
				9470199D1E911D1300D010B3 /* TabBarController.swift */,
			);
			path = TokyoTreasures;
			sourceTree = "<group>";
		};
		94804CE41E84F4B50051E95D /* Frameworks */ = {
			isa = PBXGroup;
			children = (
				94804CE51E84F4B50051E95D /* NotificationCenter.framework */,
			);
			name = Frameworks;
			sourceTree = "<group>";
		};
		94804CE71E84F4B50051E95D /* TodaysTreasures */ = {
			isa = PBXGroup;
			children = (
				94B2BAA41E853D3C00842491 /* TodayOrderController.swift */,
				94804CF71E85106B0051E95D /* TodaysTreasures.entitlements */,
				94804CE81E84F4B50051E95D /* TodayViewController.swift */,
				94804CEA1E84F4B50051E95D /* MainInterface.storyboard */,
				94804CED1E84F4B50051E95D /* Info.plist */,
			);
			path = TodaysTreasures;
			sourceTree = "<group>";
		};
/* End PBXGroup section */

/* Begin PBXNativeTarget section */
		941573471E7BB4FD005FCBFE /* TokyoTreasures */ = {
			isa = PBXNativeTarget;
			buildConfigurationList = 9415735A1E7BB4FD005FCBFE /* Build configuration list for PBXNativeTarget "TokyoTreasures" */;
			buildPhases = (
				941573441E7BB4FD005FCBFE /* Sources */,
				941573451E7BB4FD005FCBFE /* Frameworks */,
				941573461E7BB4FD005FCBFE /* Resources */,
				94804CF41E84F4B50051E95D /* Embed App Extensions */,
			);
			buildRules = (
			);
			dependencies = (
				94804CEF1E84F4B50051E95D /* PBXTargetDependency */,
			);
			name = TokyoTreasures;
			productName = TokyoTreasures;
			productReference = 941573481E7BB4FD005FCBFE /* TokyoTreasures.app */;
			productType = "com.apple.product-type.application";
		};
		94804CE21E84F4B40051E95D /* TodaysTreasures */ = {
			isa = PBXNativeTarget;
			buildConfigurationList = 94804CF11E84F4B50051E95D /* Build configuration list for PBXNativeTarget "TodaysTreasures" */;
			buildPhases = (
				94804CDF1E84F4B40051E95D /* Sources */,
				94804CE01E84F4B40051E95D /* Frameworks */,
				94804CE11E84F4B40051E95D /* Resources */,
			);
			buildRules = (
			);
			dependencies = (
			);
			name = TodaysTreasures;
			productName = TodaysTreasures;
			productReference = 94804CE31E84F4B40051E95D /* TodaysTreasures.appex */;
			productType = "com.apple.product-type.app-extension";
		};
/* End PBXNativeTarget section */

/* Begin PBXProject section */
		941573401E7BB4FD005FCBFE /* Project object */ = {
			isa = PBXProject;
			attributes = {
				LastSwiftUpdateCheck = 0820;
				LastUpgradeCheck = 0820;
				ORGANIZATIONNAME = "Simply Silver AKY";
				TargetAttributes = {
					941573471E7BB4FD005FCBFE = {
						CreatedOnToolsVersion = 8.2.1;
						DevelopmentTeam = RGK5X6Q592;
						ProvisioningStyle = Automatic;
						SystemCapabilities = {
							com.apple.ApplicationGroups.iOS = {
								enabled = 0;
							};
						};
					};
					94804CE21E84F4B40051E95D = {
						CreatedOnToolsVersion = 8.2.1;
						DevelopmentTeam = RGK5X6Q592;
						ProvisioningStyle = Automatic;
						SystemCapabilities = {
							com.apple.ApplicationGroups.iOS = {
								enabled = 0;
							};
						};
					};
				};
			};
			buildConfigurationList = 941573431E7BB4FD005FCBFE /* Build configuration list for PBXProject "TokyoTreasures" */;
			compatibilityVersion = "Xcode 3.2";
			developmentRegion = English;
			hasScannedForEncodings = 0;
			knownRegions = (
				en,
				Base,
			);
			mainGroup = 9415733F1E7BB4FD005FCBFE;
			productRefGroup = 941573491E7BB4FD005FCBFE /* Products */;
			projectDirPath = "";
			projectRoot = "";
			targets = (
				941573471E7BB4FD005FCBFE /* TokyoTreasures */,
				94804CE21E84F4B40051E95D /* TodaysTreasures */,
			);
		};
/* End PBXProject section */

/* Begin PBXResourcesBuildPhase section */
		941573461E7BB4FD005FCBFE /* Resources */ = {
			isa = PBXResourcesBuildPhase;
			buildActionMask = 2147483647;
			files = (
				941573561E7BB4FD005FCBFE /* LaunchScreen.storyboard in Resources */,
				947019A01E92527500D010B3 /* Assets.xcassets in Resources */,
				941573511E7BB4FD005FCBFE /* Main.storyboard in Resources */,
			);
			runOnlyForDeploymentPostprocessing = 0;
		};
		94804CE11E84F4B40051E95D /* Resources */ = {
			isa = PBXResourcesBuildPhase;
			buildActionMask = 2147483647;
			files = (
				94804CEC1E84F4B50051E95D /* MainInterface.storyboard in Resources */,
			);
			runOnlyForDeploymentPostprocessing = 0;
		};
/* End PBXResourcesBuildPhase section */

/* Begin PBXSourcesBuildPhase section */
		941573441E7BB4FD005FCBFE /* Sources */ = {
			isa = PBXSourcesBuildPhase;
			buildActionMask = 2147483647;
			files = (
				941573601E7BBB7E005FCBFE /* OrderModel.swift in Sources */,
				949BED931E910DAC00D2F60C /* ShippingCalculatorController.swift in Sources */,
				941573661E7D1DED005FCBFE /* OrderController.swift in Sources */,
				9415734E1E7BB4FD005FCBFE /* ViewController.swift in Sources */,
				9470199E1E911D1400D010B3 /* TabBarController.swift in Sources */,
				9415734C1E7BB4FD005FCBFE /* AppDelegate.swift in Sources */,
				9415735E1E7BBB52005FCBFE /* HomeModel.swift in Sources */,
			);
			runOnlyForDeploymentPostprocessing = 0;
		};
		94804CDF1E84F4B40051E95D /* Sources */ = {
			isa = PBXSourcesBuildPhase;
			buildActionMask = 2147483647;
			files = (
				94B2BAA51E853D3C00842491 /* TodayOrderController.swift in Sources */,
				94804CF51E84F80F0051E95D /* HomeModel.swift in Sources */,
				94CE4AC21E85262300313BF5 /* OrderController.swift in Sources */,
				94804CF61E84F9910051E95D /* OrderModel.swift in Sources */,
				94CE4AC11E8524D800313BF5 /* ViewController.swift in Sources */,
				94804CE91E84F4B50051E95D /* TodayViewController.swift in Sources */,
			);
			runOnlyForDeploymentPostprocessing = 0;
		};
/* End PBXSourcesBuildPhase section */

/* Begin PBXTargetDependency section */
		94804CEF1E84F4B50051E95D /* PBXTargetDependency */ = {
			isa = PBXTargetDependency;
			target = 94804CE21E84F4B40051E95D /* TodaysTreasures */;
			targetProxy = 94804CEE1E84F4B50051E95D /* PBXContainerItemProxy */;
		};
/* End PBXTargetDependency section */

/* Begin PBXVariantGroup section */
		9415734F1E7BB4FD005FCBFE /* Main.storyboard */ = {
			isa = PBXVariantGroup;
			children = (
				941573501E7BB4FD005FCBFE /* Base */,
			);
			name = Main.storyboard;
			sourceTree = "<group>";
		};
		941573541E7BB4FD005FCBFE /* LaunchScreen.storyboard */ = {
			isa = PBXVariantGroup;
			children = (
				941573551E7BB4FD005FCBFE /* Base */,
			);
			name = LaunchScreen.storyboard;
			sourceTree = "<group>";
		};
		94804CEA1E84F4B50051E95D /* MainInterface.storyboard */ = {
			isa = PBXVariantGroup;
			children = (
				94804CEB1E84F4B50051E95D /* Base */,
			);
			name = MainInterface.storyboard;
			sourceTree = "<group>";
		};
/* End PBXVariantGroup section */

/* Begin XCBuildConfiguration section */
		941573581E7BB4FD005FCBFE /* Debug */ = {
			isa = XCBuildConfiguration;
			buildSettings = {
				ALWAYS_SEARCH_USER_PATHS = NO;
				CLANG_ANALYZER_NONNULL = YES;
				CLANG_CXX_LANGUAGE_STANDARD = "gnu++0x";
				CLANG_CXX_LIBRARY = "libc++";
				CLANG_ENABLE_MODULES = YES;
				CLANG_ENABLE_OBJC_ARC = YES;
				CLANG_WARN_BOOL_CONVERSION = YES;
				CLANG_WARN_CONSTANT_CONVERSION = YES;
				CLANG_WARN_DIRECT_OBJC_ISA_USAGE = YES_ERROR;
				CLANG_WARN_DOCUMENTATION_COMMENTS = YES;
				CLANG_WARN_EMPTY_BODY = YES;
				CLANG_WARN_ENUM_CONVERSION = YES;
				CLANG_WARN_INFINITE_RECURSION = YES;
				CLANG_WARN_INT_CONVERSION = YES;
				CLANG_WARN_OBJC_ROOT_CLASS = YES_ERROR;
				CLANG_WARN_SUSPICIOUS_MOVE = YES;
				CLANG_WARN_UNREACHABLE_CODE = YES;
				CLANG_WARN__DUPLICATE_METHOD_MATCH = YES;
				"CODE_SIGN_IDENTITY[sdk=iphoneos*]" = "iPhone Developer";
				COPY_PHASE_STRIP = NO;
				DEBUG_INFORMATION_FORMAT = dwarf;
				ENABLE_STRICT_OBJC_MSGSEND = YES;
				ENABLE_TESTABILITY = YES;
				GCC_C_LANGUAGE_STANDARD = gnu99;
				GCC_DYNAMIC_NO_PIC = NO;
				GCC_NO_COMMON_BLOCKS = YES;
				GCC_OPTIMIZATION_LEVEL = 0;
				GCC_PREPROCESSOR_DEFINITIONS = (
					"DEBUG=1",
					"$(inherited)",
				);
				GCC_WARN_64_TO_32_BIT_CONVERSION = YES;
				GCC_WARN_ABOUT_RETURN_TYPE = YES_ERROR;
				GCC_WARN_UNDECLARED_SELECTOR = YES;
				GCC_WARN_UNINITIALIZED_AUTOS = YES_AGGRESSIVE;
				GCC_WARN_UNUSED_FUNCTION = YES;
				GCC_WARN_UNUSED_VARIABLE = YES;
				IPHONEOS_DEPLOYMENT_TARGET = 10.2;
				MTL_ENABLE_DEBUG_INFO = YES;
				ONLY_ACTIVE_ARCH = YES;
				SDKROOT = iphoneos;
				SWIFT_ACTIVE_COMPILATION_CONDITIONS = DEBUG;
				SWIFT_OPTIMIZATION_LEVEL = "-Onone";
			};
			name = Debug;
		};
		941573591E7BB4FD005FCBFE /* Release */ = {
			isa = XCBuildConfiguration;
			buildSettings = {
				ALWAYS_SEARCH_USER_PATHS = NO;
				CLANG_ANALYZER_NONNULL = YES;
				CLANG_CXX_LANGUAGE_STANDARD = "gnu++0x";
				CLANG_CXX_LIBRARY = "libc++";
				CLANG_ENABLE_MODULES = YES;
				CLANG_ENABLE_OBJC_ARC = YES;
				CLANG_WARN_BOOL_CONVERSION = YES;
				CLANG_WARN_CONSTANT_CONVERSION = YES;
				CLANG_WARN_DIRECT_OBJC_ISA_USAGE = YES_ERROR;
				CLANG_WARN_DOCUMENTATION_COMMENTS = YES;
				CLANG_WARN_EMPTY_BODY = YES;
				CLANG_WARN_ENUM_CONVERSION = YES;
				CLANG_WARN_INFINITE_RECURSION = YES;
				CLANG_WARN_INT_CONVERSION = YES;
				CLANG_WARN_OBJC_ROOT_CLASS = YES_ERROR;
				CLANG_WARN_SUSPICIOUS_MOVE = YES;
				CLANG_WARN_UNREACHABLE_CODE = YES;
				CLANG_WARN__DUPLICATE_METHOD_MATCH = YES;
				"CODE_SIGN_IDENTITY[sdk=iphoneos*]" = "iPhone Developer";
				COPY_PHASE_STRIP = NO;
				DEBUG_INFORMATION_FORMAT = "dwarf-with-dsym";
				ENABLE_NS_ASSERTIONS = NO;
				ENABLE_STRICT_OBJC_MSGSEND = YES;
				GCC_C_LANGUAGE_STANDARD = gnu99;
				GCC_NO_COMMON_BLOCKS = YES;
				GCC_WARN_64_TO_32_BIT_CONVERSION = YES;
				GCC_WARN_ABOUT_RETURN_TYPE = YES_ERROR;
				GCC_WARN_UNDECLARED_SELECTOR = YES;
				GCC_WARN_UNINITIALIZED_AUTOS = YES_AGGRESSIVE;
				GCC_WARN_UNUSED_FUNCTION = YES;
				GCC_WARN_UNUSED_VARIABLE = YES;
				IPHONEOS_DEPLOYMENT_TARGET = 10.2;
				MTL_ENABLE_DEBUG_INFO = NO;
				SDKROOT = iphoneos;
				SWIFT_OPTIMIZATION_LEVEL = "-Owholemodule";
				VALIDATE_PRODUCT = YES;
			};
			name = Release;
		};
		9415735B1E7BB4FD005FCBFE /* Debug */ = {
			isa = XCBuildConfiguration;
			buildSettings = {
				ALWAYS_EMBED_SWIFT_STANDARD_LIBRARIES = YES;
				ASSETCATALOG_COMPILER_APPICON_NAME = AppIcon;
				DEVELOPMENT_TEAM = RGK5X6Q592;
				INFOPLIST_FILE = TokyoTreasures/Info.plist;
				IPHONEOS_DEPLOYMENT_TARGET = 10.0;
				LD_RUNPATH_SEARCH_PATHS = "$(inherited) @executable_path/Frameworks";
				PRODUCT_BUNDLE_IDENTIFIER = none.TokyoTreasures;
				PRODUCT_NAME = "$(TARGET_NAME)";
				SWIFT_VERSION = 3.0;
			};
			name = Debug;
		};
		9415735C1E7BB4FD005FCBFE /* Release */ = {
			isa = XCBuildConfiguration;
			buildSettings = {
				ALWAYS_EMBED_SWIFT_STANDARD_LIBRARIES = YES;
				ASSETCATALOG_COMPILER_APPICON_NAME = AppIcon;
				DEVELOPMENT_TEAM = RGK5X6Q592;
				INFOPLIST_FILE = TokyoTreasures/Info.plist;
				IPHONEOS_DEPLOYMENT_TARGET = 10.0;
				LD_RUNPATH_SEARCH_PATHS = "$(inherited) @executable_path/Frameworks";
				PRODUCT_BUNDLE_IDENTIFIER = none.TokyoTreasures;
				PRODUCT_NAME = "$(TARGET_NAME)";
				SWIFT_VERSION = 3.0;
			};
			name = Release;
		};
		94804CF21E84F4B50051E95D /* Debug */ = {
			isa = XCBuildConfiguration;
			buildSettings = {
				DEVELOPMENT_TEAM = RGK5X6Q592;
				INFOPLIST_FILE = TodaysTreasures/Info.plist;
				IPHONEOS_DEPLOYMENT_TARGET = 10.0;
				LD_RUNPATH_SEARCH_PATHS = "$(inherited) @executable_path/Frameworks @executable_path/../../Frameworks";
				PRODUCT_BUNDLE_IDENTIFIER = none.TokyoTreasures.TodaysTreasures;
				PRODUCT_NAME = "$(TARGET_NAME)";
				SKIP_INSTALL = YES;
				SWIFT_VERSION = 3.0;
			};
			name = Debug;
		};
		94804CF31E84F4B50051E95D /* Release */ = {
			isa = XCBuildConfiguration;
			buildSettings = {
				DEVELOPMENT_TEAM = RGK5X6Q592;
				INFOPLIST_FILE = TodaysTreasures/Info.plist;
				IPHONEOS_DEPLOYMENT_TARGET = 10.0;
				LD_RUNPATH_SEARCH_PATHS = "$(inherited) @executable_path/Frameworks @executable_path/../../Frameworks";
				PRODUCT_BUNDLE_IDENTIFIER = none.TokyoTreasures.TodaysTreasures;
				PRODUCT_NAME = "$(TARGET_NAME)";
				SKIP_INSTALL = YES;
				SWIFT_VERSION = 3.0;
			};
			name = Release;
		};
/* End XCBuildConfiguration section */

/* Begin XCConfigurationList section */
		941573431E7BB4FD005FCBFE /* Build configuration list for PBXProject "TokyoTreasures" */ = {
			isa = XCConfigurationList;
			buildConfigurations = (
				941573581E7BB4FD005FCBFE /* Debug */,
				941573591E7BB4FD005FCBFE /* Release */,
			);
			defaultConfigurationIsVisible = 0;
			defaultConfigurationName = Release;
		};
		9415735A1E7BB4FD005FCBFE /* Build configuration list for PBXNativeTarget "TokyoTreasures" */ = {
			isa = XCConfigurationList;
			buildConfigurations = (
				9415735B1E7BB4FD005FCBFE /* Debug */,
				9415735C1E7BB4FD005FCBFE /* Release */,
			);
			defaultConfigurationIsVisible = 0;
			defaultConfigurationName = Release;
		};
		94804CF11E84F4B50051E95D /* Build configuration list for PBXNativeTarget "TodaysTreasures" */ = {
			isa = XCConfigurationList;
			buildConfigurations = (
				94804CF21E84F4B50051E95D /* Debug */,
				94804CF31E84F4B50051E95D /* Release */,
			);
			defaultConfigurationIsVisible = 0;
			defaultConfigurationName = Release;
		};
/* End XCConfigurationList section */
	};
	rootObject = 941573401E7BB4FD005FCBFE /* Project object */;
}
